{
  "name": "live_markdown_previewer",
  "version": "1.0.0",
  "lockfileVersion": 3,
  "requires": true,
  "packages": {
    "": {
      "name": "live_markdown_previewer",
      "version": "1.0.0",
      "license": "ISC",
      "dependencies": {
        "markdown-previewer": "^1.0.3"
      }
    },
    "node_modules/markdown-previewer": {
      "version": "1.0.3",
      "resolved": "https://registry.npmjs.org/markdown-previewer/-/markdown-previewer-1.0.3.tgz",
      "integrity": "sha512-4+7LYm3iYbh5E0EROaEKzFqk70UefwskkavtP6ff5Kw6M3m3kGIvLDtFZlQtPZDKDIKpvzzfj89NSkJo+JoZvA==",
      "license": "MIT",
      "dependencies": {
        "marked": "^0.3.16"
      }
    },
    "node_modules/marked": {
      "version": "0.3.19",
      "resolved": "https://registry.npmjs.org/marked/-/marked-0.3.19.tgz",
      "integrity": "sha512-ea2eGWOqNxPcXv8dyERdSr/6FmzvWwzjMxpfGB/sbMccXoct+xY+YukPD+QTUZwyvK7BZwcr4m21WBOW41pAkg==",
      "license": "MIT",
      "bin": {
        "marked": "bin/marked"
      },
      "engines": {
        "node": ">=0.10.0"
      }
    }
  }
}
